
Microsoft Visual Studio Solution File, Format Version 12.00
# Visual Studio Version 16
VisualStudioVersion = 16.0.30621.155
MinimumVisualStudioVersion = 10.0.40219.1
Project("{9A19103F-16F7-4668-BE54-9A1E7A4F7556}") = "DataAnalysisSystem", "DataAnalysisSystem\DataAnalysisSystem.csproj", "{8B664AD9-1295-449F-A6E5-9E70307FA069}"
EndProject
Project("{9A19103F-16F7-4668-BE54-9A1E7A4F7556}") = "DataAnalysisSystem.DataEntities", "DataAnalysisSystem.DataEntities\DataAnalysisSystem.DataEntities.csproj", "{602C690B-CA87-4C3C-A431-F15A0CE2D8E2}"
EndProject
Project("{9A19103F-16F7-4668-BE54-9A1E7A4F7556}") = "DataAnalysisSystem.Repository", "DataAnalysisSystem.Repository\DataAnalysisSystem.Repository.csproj", "{71E3C6D3-9811-4F9C-B9EB-B8C5D5D73F8B}"
EndProject
Project("{9A19103F-16F7-4668-BE54-9A1E7A4F7556}") = "DataAnalysisSystem.RepositoryInterfaces", "DataAnalysisSystem.RepositoryInterfaces\DataAnalysisSystem.RepositoryInterfaces.csproj", "{76F13176-DAD7-4366-92CD-CA6C66DB7729}"
EndProject
Project("{9A19103F-16F7-4668-BE54-9A1E7A4F7556}") = "DataAnalysisSystem.DTO", "DataAnalysisSystem.DTO\DataAnalysisSystem.DTO.csproj", "{38B34BE7-F917-4D89-B2EF-94D7B02141BF}"
EndProject
Project("{9A19103F-16F7-4668-BE54-9A1E7A4F7556}") = "DataAnalysisSystem.Services", "DataAnalysisSystem.Services\DataAnalysisSystem.Services.csproj", "{EB7C7306-2AE3-454E-8D3A-08CD5B0B4D3C}"
EndProject
Project("{9A19103F-16F7-4668-BE54-9A1E7A4F7556}") = "DataAnalysisSystem.ServicesInterfaces", "DataAnalysisSystem.ServicesInterfaces\DataAnalysisSystem.ServicesInterfaces.csproj", "{538847A3-6EF9-450C-A70B-53B976864B93}"
EndProject
Project("{2150E333-8FDC-42A3-9474-1A3956D46DE8}") = "AspNetIdentityProvider", "AspNetIdentityProvider", "{4CAE6D5E-7133-46F4-9865-DF5BBE72BF20}"
EndProject
Project("{9A19103F-16F7-4668-BE54-9A1E7A4F7556}") = "AspNetCore.Identity.Mongo", "AspNetIdentityProvider\AspNetCore.Identity.Mongo\AspNetCore.Identity.Mongo.csproj", "{D810604A-818B-4930-928E-1744500BA19C}"
EndProject
Project("{2150E333-8FDC-42A3-9474-1A3956D46DE8}") = "Materials", "Materials", "{E97C95E2-757D-4C8E-ACF4-F3296EAEE106}"
EndProject
Project("{2150E333-8FDC-42A3-9474-1A3956D46DE8}") = "MaterializeDataTable_configured", "MaterializeDataTable_configured", "{6E2E83E7-8419-4DCD-9E1C-02591CD08C59}"
	ProjectSection(SolutionItems) = preProject
		Materials\MaterializeDataTable_configured\dataTable.html = Materials\MaterializeDataTable_configured\dataTable.html
	EndProjectSection
EndProject
Project("{2150E333-8FDC-42A3-9474-1A3956D46DE8}") = "css", "css", "{23282CA0-C1FB-4D8B-9234-2E1FC6A12F1D}"
	ProjectSection(SolutionItems) = preProject
		Materials\MaterializeDataTable_configured\css\admin-materialize.css = Materials\MaterializeDataTable_configured\css\admin-materialize.css
		Materials\MaterializeDataTable_configured\css\datatables.css = Materials\MaterializeDataTable_configured\css\datatables.css
		Materials\MaterializeDataTable_configured\css\materialize.css = Materials\MaterializeDataTable_configured\css\materialize.css
	EndProjectSection
EndProject
Project("{2150E333-8FDC-42A3-9474-1A3956D46DE8}") = "js", "js", "{B584A586-1AE1-4D42-9FC8-D73FEA5F0490}"
	ProjectSection(SolutionItems) = preProject
		Materials\MaterializeDataTable_configured\js\datatables.js = Materials\MaterializeDataTable_configured\js\datatables.js
		Materials\MaterializeDataTable_configured\js\jquery.min.js = Materials\MaterializeDataTable_configured\js\jquery.min.js
		Materials\MaterializeDataTable_configured\js\materialize.js = Materials\MaterializeDataTable_configured\js\materialize.js
	EndProjectSection
EndProject
Project("{2150E333-8FDC-42A3-9474-1A3956D46DE8}") = "DataTables-1.10.22", "DataTables-1.10.22", "{B00F9B71-D675-494B-981F-261C259D1FA0}"
EndProject
Project("{2150E333-8FDC-42A3-9474-1A3956D46DE8}") = "images", "images", "{EB717E73-ABAA-4117-B4C8-913DE7CC67A8}"
	ProjectSection(SolutionItems) = preProject
		Materials\MaterializeDataTable_configured\css\DataTables-1.10.22\images\sort_asc.png = Materials\MaterializeDataTable_configured\css\DataTables-1.10.22\images\sort_asc.png
		Materials\MaterializeDataTable_configured\css\DataTables-1.10.22\images\sort_asc_disabled.png = Materials\MaterializeDataTable_configured\css\DataTables-1.10.22\images\sort_asc_disabled.png
		Materials\MaterializeDataTable_configured\css\DataTables-1.10.22\images\sort_both.png = Materials\MaterializeDataTable_configured\css\DataTables-1.10.22\images\sort_both.png
		Materials\MaterializeDataTable_configured\css\DataTables-1.10.22\images\sort_desc.png = Materials\MaterializeDataTable_configured\css\DataTables-1.10.22\images\sort_desc.png
		Materials\MaterializeDataTable_configured\css\DataTables-1.10.22\images\sort_desc_disabled.png = Materials\MaterializeDataTable_configured\css\DataTables-1.10.22\images\sort_desc_disabled.png
	EndProjectSection
EndProject
Project("{2150E333-8FDC-42A3-9474-1A3956D46DE8}") = "Diagrams", "Diagrams", "{DDAC90E3-6A5A-453B-A02E-7729FAE4A1FA}"
	ProjectSection(SolutionItems) = preProject
		Materials\Diagrams\dataAnalysisSystem_classDiagram_v1.0.png = Materials\Diagrams\dataAnalysisSystem_classDiagram_v1.0.png
		Materials\Diagrams\dataAnalysisSystem_classDiagram_v1.0.vsdx = Materials\Diagrams\dataAnalysisSystem_classDiagram_v1.0.vsdx
		Materials\Diagrams\dataAnalysisSystem_mongoCollectionDiagram_v1.0.png = Materials\Diagrams\dataAnalysisSystem_mongoCollectionDiagram_v1.0.png
		Materials\Diagrams\dataAnalysisSystem_mongoCollectionDiagram_v1.0.vsdx = Materials\Diagrams\dataAnalysisSystem_mongoCollectionDiagram_v1.0.vsdx
	EndProjectSection
EndProject
Global
	GlobalSection(SolutionConfigurationPlatforms) = preSolution
		Debug|Any CPU = Debug|Any CPU
		Release|Any CPU = Release|Any CPU
	EndGlobalSection
	GlobalSection(ProjectConfigurationPlatforms) = postSolution
		{8B664AD9-1295-449F-A6E5-9E70307FA069}.Debug|Any CPU.ActiveCfg = Debug|Any CPU
		{8B664AD9-1295-449F-A6E5-9E70307FA069}.Debug|Any CPU.Build.0 = Debug|Any CPU
		{8B664AD9-1295-449F-A6E5-9E70307FA069}.Release|Any CPU.ActiveCfg = Release|Any CPU
		{8B664AD9-1295-449F-A6E5-9E70307FA069}.Release|Any CPU.Build.0 = Release|Any CPU
		{602C690B-CA87-4C3C-A431-F15A0CE2D8E2}.Debug|Any CPU.ActiveCfg = Debug|Any CPU
		{602C690B-CA87-4C3C-A431-F15A0CE2D8E2}.Debug|Any CPU.Build.0 = Debug|Any CPU
		{602C690B-CA87-4C3C-A431-F15A0CE2D8E2}.Release|Any CPU.ActiveCfg = Release|Any CPU
		{602C690B-CA87-4C3C-A431-F15A0CE2D8E2}.Release|Any CPU.Build.0 = Release|Any CPU
		{71E3C6D3-9811-4F9C-B9EB-B8C5D5D73F8B}.Debug|Any CPU.ActiveCfg = Debug|Any CPU
		{71E3C6D3-9811-4F9C-B9EB-B8C5D5D73F8B}.Debug|Any CPU.Build.0 = Debug|Any CPU
		{71E3C6D3-9811-4F9C-B9EB-B8C5D5D73F8B}.Release|Any CPU.ActiveCfg = Release|Any CPU
		{71E3C6D3-9811-4F9C-B9EB-B8C5D5D73F8B}.Release|Any CPU.Build.0 = Release|Any CPU
		{76F13176-DAD7-4366-92CD-CA6C66DB7729}.Debug|Any CPU.ActiveCfg = Debug|Any CPU
		{76F13176-DAD7-4366-92CD-CA6C66DB7729}.Debug|Any CPU.Build.0 = Debug|Any CPU
		{76F13176-DAD7-4366-92CD-CA6C66DB7729}.Release|Any CPU.ActiveCfg = Release|Any CPU
		{76F13176-DAD7-4366-92CD-CA6C66DB7729}.Release|Any CPU.Build.0 = Release|Any CPU
		{38B34BE7-F917-4D89-B2EF-94D7B02141BF}.Debug|Any CPU.ActiveCfg = Debug|Any CPU
		{38B34BE7-F917-4D89-B2EF-94D7B02141BF}.Debug|Any CPU.Build.0 = Debug|Any CPU
		{38B34BE7-F917-4D89-B2EF-94D7B02141BF}.Release|Any CPU.ActiveCfg = Release|Any CPU
		{38B34BE7-F917-4D89-B2EF-94D7B02141BF}.Release|Any CPU.Build.0 = Release|Any CPU
		{EB7C7306-2AE3-454E-8D3A-08CD5B0B4D3C}.Debug|Any CPU.ActiveCfg = Debug|Any CPU
		{EB7C7306-2AE3-454E-8D3A-08CD5B0B4D3C}.Debug|Any CPU.Build.0 = Debug|Any CPU
		{EB7C7306-2AE3-454E-8D3A-08CD5B0B4D3C}.Release|Any CPU.ActiveCfg = Release|Any CPU
		{EB7C7306-2AE3-454E-8D3A-08CD5B0B4D3C}.Release|Any CPU.Build.0 = Release|Any CPU
		{538847A3-6EF9-450C-A70B-53B976864B93}.Debug|Any CPU.ActiveCfg = Debug|Any CPU
		{538847A3-6EF9-450C-A70B-53B976864B93}.Debug|Any CPU.Build.0 = Debug|Any CPU
		{538847A3-6EF9-450C-A70B-53B976864B93}.Release|Any CPU.ActiveCfg = Release|Any CPU
		{538847A3-6EF9-450C-A70B-53B976864B93}.Release|Any CPU.Build.0 = Release|Any CPU
		{D810604A-818B-4930-928E-1744500BA19C}.Debug|Any CPU.ActiveCfg = Debug|Any CPU
		{D810604A-818B-4930-928E-1744500BA19C}.Debug|Any CPU.Build.0 = Debug|Any CPU
		{D810604A-818B-4930-928E-1744500BA19C}.Release|Any CPU.ActiveCfg = Release|Any CPU
		{D810604A-818B-4930-928E-1744500BA19C}.Release|Any CPU.Build.0 = Release|Any CPU
	EndGlobalSection
	GlobalSection(SolutionProperties) = preSolution
		HideSolutionNode = FALSE
	EndGlobalSection
	GlobalSection(NestedProjects) = preSolution
		{D810604A-818B-4930-928E-1744500BA19C} = {4CAE6D5E-7133-46F4-9865-DF5BBE72BF20}
		{6E2E83E7-8419-4DCD-9E1C-02591CD08C59} = {E97C95E2-757D-4C8E-ACF4-F3296EAEE106}
		{23282CA0-C1FB-4D8B-9234-2E1FC6A12F1D} = {6E2E83E7-8419-4DCD-9E1C-02591CD08C59}
		{B584A586-1AE1-4D42-9FC8-D73FEA5F0490} = {6E2E83E7-8419-4DCD-9E1C-02591CD08C59}
		{B00F9B71-D675-494B-981F-261C259D1FA0} = {23282CA0-C1FB-4D8B-9234-2E1FC6A12F1D}
		{EB717E73-ABAA-4117-B4C8-913DE7CC67A8} = {B00F9B71-D675-494B-981F-261C259D1FA0}
		{DDAC90E3-6A5A-453B-A02E-7729FAE4A1FA} = {E97C95E2-757D-4C8E-ACF4-F3296EAEE106}
	EndGlobalSection
	GlobalSection(ExtensibilityGlobals) = postSolution
		SolutionGuid = {108625B1-53DE-4EEC-A6D2-58DD96AA3983}
	EndGlobalSection
EndGlobal
