
Microsoft Visual Studio Solution File, Format Version 12.00
# Visual Studio Version 16
VisualStudioVersion = 16.0.30621.155
MinimumVisualStudioVersion = 10.0.40219.1
Project("{9A19103F-16F7-4668-BE54-9A1E7A4F7556}") = "DataAnalysisSystem", "DataAnalysisSystem\DataAnalysisSystem.csproj", "{8B664AD9-1295-449F-A6E5-9E70307FA069}"
EndProject
Project("{9A19103F-16F7-4668-BE54-9A1E7A4F7556}") = "DataAnalysisSystem.DataEntities", "DataAnalysisSystem.DataEntities\DataAnalysisSystem.DataEntities.csproj", "{602C690B-CA87-4C3C-A431-F15A0CE2D8E2}"
EndProject
Project("{9A19103F-16F7-4668-BE54-9A1E7A4F7556}") = "DataAnalysisSystem.Repository", "DataAnalysisSystem.Repository\DataAnalysisSystem.Repository.csproj", "{71E3C6D3-9811-4F9C-B9EB-B8C5D5D73F8B}"
EndProject
Project("{9A19103F-16F7-4668-BE54-9A1E7A4F7556}") = "DataAnalysisSystem.RepositoryInterfaces", "DataAnalysisSystem.RepositoryInterfaces\DataAnalysisSystem.RepositoryInterfaces.csproj", "{76F13176-DAD7-4366-92CD-CA6C66DB7729}"
EndProject
Project("{9A19103F-16F7-4668-BE54-9A1E7A4F7556}") = "DataAnalysisSystem.DTO", "DataAnalysisSystem.DTO\DataAnalysisSystem.DTO.csproj", "{38B34BE7-F917-4D89-B2EF-94D7B02141BF}"
EndProject
Project("{9A19103F-16F7-4668-BE54-9A1E7A4F7556}") = "DataAnalysisSystem.Services", "DataAnalysisSystem.Services\DataAnalysisSystem.Services.csproj", "{EB7C7306-2AE3-454E-8D3A-08CD5B0B4D3C}"
EndProject
Project("{9A19103F-16F7-4668-BE54-9A1E7A4F7556}") = "DataAnalysisSystem.ServicesInterfaces", "DataAnalysisSystem.ServicesInterfaces\DataAnalysisSystem.ServicesInterfaces.csproj", "{538847A3-6EF9-450C-A70B-53B976864B93}"
EndProject
Project("{2150E333-8FDC-42A3-9474-1A3956D46DE8}") = "AspNetIdentityProvider", "AspNetIdentityProvider", "{4CAE6D5E-7133-46F4-9865-DF5BBE72BF20}"
EndProject
Project("{9A19103F-16F7-4668-BE54-9A1E7A4F7556}") = "AspNetCore.Identity.Mongo", "AspNetIdentityProvider\AspNetCore.Identity.Mongo\AspNetCore.Identity.Mongo.csproj", "{D810604A-818B-4930-928E-1744500BA19C}"
EndProject
Project("{2150E333-8FDC-42A3-9474-1A3956D46DE8}") = "Materials", "Materials", "{E97C95E2-757D-4C8E-ACF4-F3296EAEE106}"
EndProject
Project("{2150E333-8FDC-42A3-9474-1A3956D46DE8}") = "Diagrams", "Diagrams", "{DDAC90E3-6A5A-453B-A02E-7729FAE4A1FA}"
	ProjectSection(SolutionItems) = preProject
		Materials\Diagrams\dataAnalysisSystem_classDiagram_v1.0.png = Materials\Diagrams\dataAnalysisSystem_classDiagram_v1.0.png
		Materials\Diagrams\dataAnalysisSystem_classDiagram_v1.0.vsdx = Materials\Diagrams\dataAnalysisSystem_classDiagram_v1.0.vsdx
		Materials\Diagrams\dataAnalysisSystem_mongoCollectionDiagram_v1.0.png = Materials\Diagrams\dataAnalysisSystem_mongoCollectionDiagram_v1.0.png
		Materials\Diagrams\dataAnalysisSystem_mongoCollectionDiagram_v1.0.vsdx = Materials\Diagrams\dataAnalysisSystem_mongoCollectionDiagram_v1.0.vsdx
	EndProjectSection
EndProject
Project("{2150E333-8FDC-42A3-9474-1A3956D46DE8}") = "HTMLTemplateOfEmailMessage", "HTMLTemplateOfEmailMessage", "{4D89DB09-8267-4131-92F7-C8D2A6F1B5E3}"
	ProjectSection(SolutionItems) = preProject
		Materials\HTMLTemplateOfEmailMessage\index.htm = Materials\HTMLTemplateOfEmailMessage\index.htm
	EndProjectSection
EndProject
Project("{2150E333-8FDC-42A3-9474-1A3956D46DE8}") = "images", "images", "{D8C2DAB8-B925-459B-A5D4-D79436BCAE58}"
	ProjectSection(SolutionItems) = preProject
		Materials\HTMLTemplateOfEmailMessage\images\logo_fill_transparent.png = Materials\HTMLTemplateOfEmailMessage\images\logo_fill_transparent.png
	EndProjectSection
EndProject
Project("{9A19103F-16F7-4668-BE54-9A1E7A4F7556}") = "DataAnalysisSystem.AkkaNet", "DataAnalysisSystem.AkkaNet\DataAnalysisSystem.AkkaNet.csproj", "{9406EEB9-6C08-4E7E-AFA0-B5CDC5A0F64C}"
EndProject
Project("{9A19103F-16F7-4668-BE54-9A1E7A4F7556}") = "DataAnalysisSystem.DataAnalysisMethods", "DataAnalysisSystem.DataAnalysisMethods\DataAnalysisSystem.DataAnalysisMethods.csproj", "{E60F213A-AD58-489A-9FF2-BEE1D575BAF4}"
EndProject
Project("{9A19103F-16F7-4668-BE54-9A1E7A4F7556}") = "DataAnalysisSystem.DataAnalysisCommands", "DataAnalysisSystem.DataAnalysisCommands\DataAnalysisSystem.DataAnalysisCommands.csproj", "{9A3C0C3D-7038-4EEF-A284-8CB598A8B1F7}"
EndProject
Global
	GlobalSection(SolutionConfigurationPlatforms) = preSolution
		Debug|Any CPU = Debug|Any CPU
		Release|Any CPU = Release|Any CPU
	EndGlobalSection
	GlobalSection(ProjectConfigurationPlatforms) = postSolution
		{8B664AD9-1295-449F-A6E5-9E70307FA069}.Debug|Any CPU.ActiveCfg = Debug|Any CPU
		{8B664AD9-1295-449F-A6E5-9E70307FA069}.Debug|Any CPU.Build.0 = Debug|Any CPU
		{8B664AD9-1295-449F-A6E5-9E70307FA069}.Release|Any CPU.ActiveCfg = Release|Any CPU
		{8B664AD9-1295-449F-A6E5-9E70307FA069}.Release|Any CPU.Build.0 = Release|Any CPU
		{602C690B-CA87-4C3C-A431-F15A0CE2D8E2}.Debug|Any CPU.ActiveCfg = Debug|Any CPU
		{602C690B-CA87-4C3C-A431-F15A0CE2D8E2}.Debug|Any CPU.Build.0 = Debug|Any CPU
		{602C690B-CA87-4C3C-A431-F15A0CE2D8E2}.Release|Any CPU.ActiveCfg = Release|Any CPU
		{602C690B-CA87-4C3C-A431-F15A0CE2D8E2}.Release|Any CPU.Build.0 = Release|Any CPU
		{71E3C6D3-9811-4F9C-B9EB-B8C5D5D73F8B}.Debug|Any CPU.ActiveCfg = Debug|Any CPU
		{71E3C6D3-9811-4F9C-B9EB-B8C5D5D73F8B}.Debug|Any CPU.Build.0 = Debug|Any CPU
		{71E3C6D3-9811-4F9C-B9EB-B8C5D5D73F8B}.Release|Any CPU.ActiveCfg = Release|Any CPU
		{71E3C6D3-9811-4F9C-B9EB-B8C5D5D73F8B}.Release|Any CPU.Build.0 = Release|Any CPU
		{76F13176-DAD7-4366-92CD-CA6C66DB7729}.Debug|Any CPU.ActiveCfg = Debug|Any CPU
		{76F13176-DAD7-4366-92CD-CA6C66DB7729}.Debug|Any CPU.Build.0 = Debug|Any CPU
		{76F13176-DAD7-4366-92CD-CA6C66DB7729}.Release|Any CPU.ActiveCfg = Release|Any CPU
		{76F13176-DAD7-4366-92CD-CA6C66DB7729}.Release|Any CPU.Build.0 = Release|Any CPU
		{38B34BE7-F917-4D89-B2EF-94D7B02141BF}.Debug|Any CPU.ActiveCfg = Debug|Any CPU
		{38B34BE7-F917-4D89-B2EF-94D7B02141BF}.Debug|Any CPU.Build.0 = Debug|Any CPU
		{38B34BE7-F917-4D89-B2EF-94D7B02141BF}.Release|Any CPU.ActiveCfg = Release|Any CPU
		{38B34BE7-F917-4D89-B2EF-94D7B02141BF}.Release|Any CPU.Build.0 = Release|Any CPU
		{EB7C7306-2AE3-454E-8D3A-08CD5B0B4D3C}.Debug|Any CPU.ActiveCfg = Debug|Any CPU
		{EB7C7306-2AE3-454E-8D3A-08CD5B0B4D3C}.Debug|Any CPU.Build.0 = Debug|Any CPU
		{EB7C7306-2AE3-454E-8D3A-08CD5B0B4D3C}.Release|Any CPU.ActiveCfg = Release|Any CPU
		{EB7C7306-2AE3-454E-8D3A-08CD5B0B4D3C}.Release|Any CPU.Build.0 = Release|Any CPU
		{538847A3-6EF9-450C-A70B-53B976864B93}.Debug|Any CPU.ActiveCfg = Debug|Any CPU
		{538847A3-6EF9-450C-A70B-53B976864B93}.Debug|Any CPU.Build.0 = Debug|Any CPU
		{538847A3-6EF9-450C-A70B-53B976864B93}.Release|Any CPU.ActiveCfg = Release|Any CPU
		{538847A3-6EF9-450C-A70B-53B976864B93}.Release|Any CPU.Build.0 = Release|Any CPU
		{D810604A-818B-4930-928E-1744500BA19C}.Debug|Any CPU.ActiveCfg = Debug|Any CPU
		{D810604A-818B-4930-928E-1744500BA19C}.Debug|Any CPU.Build.0 = Debug|Any CPU
		{D810604A-818B-4930-928E-1744500BA19C}.Release|Any CPU.ActiveCfg = Release|Any CPU
		{D810604A-818B-4930-928E-1744500BA19C}.Release|Any CPU.Build.0 = Release|Any CPU
		{9406EEB9-6C08-4E7E-AFA0-B5CDC5A0F64C}.Debug|Any CPU.ActiveCfg = Debug|Any CPU
		{9406EEB9-6C08-4E7E-AFA0-B5CDC5A0F64C}.Debug|Any CPU.Build.0 = Debug|Any CPU
		{9406EEB9-6C08-4E7E-AFA0-B5CDC5A0F64C}.Release|Any CPU.ActiveCfg = Release|Any CPU
		{9406EEB9-6C08-4E7E-AFA0-B5CDC5A0F64C}.Release|Any CPU.Build.0 = Release|Any CPU
		{E60F213A-AD58-489A-9FF2-BEE1D575BAF4}.Debug|Any CPU.ActiveCfg = Debug|Any CPU
		{E60F213A-AD58-489A-9FF2-BEE1D575BAF4}.Debug|Any CPU.Build.0 = Debug|Any CPU
		{E60F213A-AD58-489A-9FF2-BEE1D575BAF4}.Release|Any CPU.ActiveCfg = Release|Any CPU
		{E60F213A-AD58-489A-9FF2-BEE1D575BAF4}.Release|Any CPU.Build.0 = Release|Any CPU
		{9A3C0C3D-7038-4EEF-A284-8CB598A8B1F7}.Debug|Any CPU.ActiveCfg = Debug|Any CPU
		{9A3C0C3D-7038-4EEF-A284-8CB598A8B1F7}.Debug|Any CPU.Build.0 = Debug|Any CPU
		{9A3C0C3D-7038-4EEF-A284-8CB598A8B1F7}.Release|Any CPU.ActiveCfg = Release|Any CPU
		{9A3C0C3D-7038-4EEF-A284-8CB598A8B1F7}.Release|Any CPU.Build.0 = Release|Any CPU
	EndGlobalSection
	GlobalSection(SolutionProperties) = preSolution
		HideSolutionNode = FALSE
	EndGlobalSection
	GlobalSection(NestedProjects) = preSolution
		{D810604A-818B-4930-928E-1744500BA19C} = {4CAE6D5E-7133-46F4-9865-DF5BBE72BF20}
		{E97C95E2-757D-4C8E-ACF4-F3296EAEE106} = {4CAE6D5E-7133-46F4-9865-DF5BBE72BF20}
		{DDAC90E3-6A5A-453B-A02E-7729FAE4A1FA} = {E97C95E2-757D-4C8E-ACF4-F3296EAEE106}
		{4D89DB09-8267-4131-92F7-C8D2A6F1B5E3} = {E97C95E2-757D-4C8E-ACF4-F3296EAEE106}
		{D8C2DAB8-B925-459B-A5D4-D79436BCAE58} = {4D89DB09-8267-4131-92F7-C8D2A6F1B5E3}
	EndGlobalSection
	GlobalSection(ExtensibilityGlobals) = postSolution
		SolutionGuid = {108625B1-53DE-4EEC-A6D2-58DD96AA3983}
	EndGlobalSection
EndGlobal
